
Microsoft Visual Studio Solution File, Format Version 12.00
# Visual Studio Version 16
VisualStudioVersion = 16.0.29102.190
MinimumVisualStudioVersion = 10.0.40219.1
Project("{FAE04EC0-301F-11D3-BF4B-00C04F79EFBC}") = "Space_Game_MSSA", "Space_Game_MSSA.csproj", "{D4963685-4DF3-4622-9CA1-0907F64AE937}"
EndProject
Global
	GlobalSection(SolutionConfigurationPlatforms) = preSolution
		Debug|Any CPU = Debug|Any CPU
		Release|Any CPU = Release|Any CPU
	EndGlobalSection
	GlobalSection(ProjectConfigurationPlatforms) = postSolution
		{D4963685-4DF3-4622-9CA1-0907F64AE937}.Debug|Any CPU.ActiveCfg = Debug|Any CPU
		{D4963685-4DF3-4622-9CA1-0907F64AE937}.Debug|Any CPU.Build.0 = Debug|Any CPU
		{D4963685-4DF3-4622-9CA1-0907F64AE937}.Release|Any CPU.ActiveCfg = Release|Any CPU
		{D4963685-4DF3-4622-9CA1-0907F64AE937}.Release|Any CPU.Build.0 = Release|Any CPU
	EndGlobalSection
	GlobalSection(SolutionProperties) = preSolution
		HideSolutionNode = FALSE
	EndGlobalSection
	GlobalSection(ExtensibilityGlobals) = postSolution
		SolutionGuid = {F982AD6B-B16C-495B-81F5-735780E264AA}
	EndGlobalSection
EndGlobal
